{
  "name": "server",
  "version": "1.0.0",
  "lockfileVersion": 2,
  "requires": true,
  "packages": {
    "": {
      "name": "server",
      "version": "1.0.0",
      "license": "ISC",
      "dependencies": {
        "mydog": "^2.4.0"
      }
    },
    "node_modules/@types/node": {
      "version": "12.20.39",
      "license": "MIT"
    },
    "node_modules/@types/ws": {
      "version": "6.0.4",
      "license": "MIT",
      "dependencies": {
        "@types/node": "*"
      }
    },
    "node_modules/mydog": {
      "version": "2.4.0",
      "resolved": "https://registry.npmjs.org/mydog/-/mydog-2.4.0.tgz",
      "integrity": "sha512-xP2GUQBOIbAanaWg0/0zbKvqCpsva+8ZpVAedn+oncJn0704ptWyAJH13yQBy1o1c3+ZfXmbwK9dRzKJILdh1Q==",
      "dependencies": {
        "@types/node": "^12.0.8",
        "@types/ws": "^6.0.1",
        "ws": "^7.0.1"
      },
      "bin": {
        "mydog": "lib/cli.js"
      }
    },
    "node_modules/ws": {
      "version": "7.5.6",
      "license": "MIT",
      "engines": {
        "node": ">=8.3.0"
      },
      "peerDependencies": {
        "bufferutil": "^4.0.1",
        "utf-8-validate": "^5.0.2"
      },
      "peerDependenciesMeta": {
        "bufferutil": {
          "optional": true
        },
        "utf-8-validate": {
          "optional": true
        }
      }
    }
  },
  "dependencies": {
    "@types/node": {
      "version": "12.20.39"
    },
    "@types/ws": {
      "version": "6.0.4",
      "requires": {
        "@types/node": "*"
      }
    },
    "mydog": {
      "version": "2.4.0",
      "resolved": "https://registry.npmjs.org/mydog/-/mydog-2.4.0.tgz",
      "integrity": "sha512-xP2GUQBOIbAanaWg0/0zbKvqCpsva+8ZpVAedn+oncJn0704ptWyAJH13yQBy1o1c3+ZfXmbwK9dRzKJILdh1Q==",
      "requires": {
        "@types/node": "^12.0.8",
        "@types/ws": "^6.0.1",
        "ws": "^7.0.1"
      }
    },
    "ws": {
      "version": "7.5.6",
      "requires": {}
    }
  }
}
