{
  "name": "server",
  "version": "1.0.0",
  "lockfileVersion": 1,
  "requires": true,
  "dependencies": {
    "@types/node": {
      "version": "12.20.39",
      "resolved": "https://registry.npmjs.org/@types/node/-/node-12.20.39.tgz",
      "integrity": "sha512-U7PMwkDmc3bnL0e4U8oA0POpi1vfsYDc+DEUS2+rPxm9NlLcW1dBa5JcRhO633PoPUcCSWMNXrMsqhmAVEo+IQ=="
    },
    "@types/ws": {
      "version": "6.0.4",
      "resolved": "https://registry.npmjs.org/@types/ws/-/ws-6.0.4.tgz",
      "integrity": "sha512-PpPrX7SZW9re6+Ha8ojZG4Se8AZXgf0GK6zmfqEuCsY49LFDNXO3SByp44X3dFEqtB73lkCDAdUazhAjVPiNwg==",
      "requires": {
        "@types/node": "*"
      }
    },
    "mydog": {
      "version": "2.3.2",
      "resolved": "https://registry.npmjs.org/mydog/-/mydog-2.3.2.tgz",
      "integrity": "sha512-T2Lk6INyXyLB11viAr9DwJxtnKgKU8a/j/tb5qMccWInw0Xle6wXsTziEPwsUkslTDTsZ45WORSbTejAZGVF+Q==",
      "requires": {
        "@types/node": "^12.0.8",
        "@types/ws": "^6.0.1",
        "ws": "^7.0.1"
      }
    },
    "ws": {
      "version": "7.5.6",
      "resolved": "https://registry.npmjs.org/ws/-/ws-7.5.6.tgz",
      "integrity": "sha512-6GLgCqo2cy2A2rjCNFlxQS6ZljG/coZfZXclldI8FB/1G3CCI36Zd8xy2HrFVACi8tfk5XrgLQEk+P0Tnz9UcA=="
    }
  }
}
